
Microsoft Visual Studio Solution File, Format Version 12.00
# Visual Studio 2012
Project("{FAE04EC0-301F-11D3-BF4B-00C04F79EFBC}") = "Client", "Client\Client.csproj", "{50208A42-651C-4DD9-AC7E-A56A4552EE19}"
EndProject
Project("{FAE04EC0-301F-11D3-BF4B-00C04F79EFBC}") = "BLL", "BLL\BLL.csproj", "{15D54959-E0CE-491B-9C17-DAFFFAC09AFD}"
EndProject
Project("{FAE04EC0-301F-11D3-BF4B-00C04F79EFBC}") = "Model", "Model\Model.csproj", "{58824EB0-DCB3-4638-AB50-D5E1C037DF31}"
EndProject
Project("{FAE04EC0-301F-11D3-BF4B-00C04F79EFBC}") = "DAL", "DAL\DAL.csproj", "{03A03DD1-F19D-4D21-9C82-1A81424C5855}"
EndProject
Global
	GlobalSection(SubversionScc) = preSolution
		Svn-Managed = True
		Manager = AnkhSVN - Subversion Support for Visual Studio
	EndGlobalSection
	GlobalSection(SolutionConfigurationPlatforms) = preSolution
		Debug|Any CPU = Debug|Any CPU
		Release|Any CPU = Release|Any CPU
	EndGlobalSection
	GlobalSection(ProjectConfigurationPlatforms) = postSolution
		{50208A42-651C-4DD9-AC7E-A56A4552EE19}.Debug|Any CPU.ActiveCfg = Debug|Any CPU
		{50208A42-651C-4DD9-AC7E-A56A4552EE19}.Debug|Any CPU.Build.0 = Debug|Any CPU
		{50208A42-651C-4DD9-AC7E-A56A4552EE19}.Release|Any CPU.ActiveCfg = Release|Any CPU
		{50208A42-651C-4DD9-AC7E-A56A4552EE19}.Release|Any CPU.Build.0 = Release|Any CPU
		{15D54959-E0CE-491B-9C17-DAFFFAC09AFD}.Debug|Any CPU.ActiveCfg = Debug|Any CPU
		{15D54959-E0CE-491B-9C17-DAFFFAC09AFD}.Debug|Any CPU.Build.0 = Debug|Any CPU
		{15D54959-E0CE-491B-9C17-DAFFFAC09AFD}.Release|Any CPU.ActiveCfg = Release|Any CPU
		{15D54959-E0CE-491B-9C17-DAFFFAC09AFD}.Release|Any CPU.Build.0 = Release|Any CPU
		{58824EB0-DCB3-4638-AB50-D5E1C037DF31}.Debug|Any CPU.ActiveCfg = Debug|Any CPU
		{58824EB0-DCB3-4638-AB50-D5E1C037DF31}.Debug|Any CPU.Build.0 = Debug|Any CPU
		{58824EB0-DCB3-4638-AB50-D5E1C037DF31}.Release|Any CPU.ActiveCfg = Release|Any CPU
		{58824EB0-DCB3-4638-AB50-D5E1C037DF31}.Release|Any CPU.Build.0 = Release|Any CPU
		{03A03DD1-F19D-4D21-9C82-1A81424C5855}.Debug|Any CPU.ActiveCfg = Debug|Any CPU
		{03A03DD1-F19D-4D21-9C82-1A81424C5855}.Debug|Any CPU.Build.0 = Debug|Any CPU
		{03A03DD1-F19D-4D21-9C82-1A81424C5855}.Release|Any CPU.ActiveCfg = Release|Any CPU
		{03A03DD1-F19D-4D21-9C82-1A81424C5855}.Release|Any CPU.Build.0 = Release|Any CPU
	EndGlobalSection
	GlobalSection(SolutionProperties) = preSolution
		HideSolutionNode = FALSE
	EndGlobalSection
EndGlobal
